
Microsoft Visual Studio Solution File, Format Version 12.00
# Visual Studio Version 16
VisualStudioVersion = 16.0.31515.178
MinimumVisualStudioVersion = 10.0.40219.1
Project("{888888A0-9F3D-457C-B088-3A5042F75D52}") = "MovieListPart2", "MovieListPart2.pyproj", "{9E49B68E-6054-44C6-BDEE-9E08386D21EA}"
EndProject
Global
	GlobalSection(SolutionConfigurationPlatforms) = preSolution
		Debug|Any CPU = Debug|Any CPU
		Release|Any CPU = Release|Any CPU
	EndGlobalSection
	GlobalSection(ProjectConfigurationPlatforms) = postSolution
		{9E49B68E-6054-44C6-BDEE-9E08386D21EA}.Debug|Any CPU.ActiveCfg = Debug|Any CPU
		{9E49B68E-6054-44C6-BDEE-9E08386D21EA}.Release|Any CPU.ActiveCfg = Release|Any CPU
	EndGlobalSection
	GlobalSection(SolutionProperties) = preSolution
		HideSolutionNode = FALSE
	EndGlobalSection
	GlobalSection(ExtensibilityGlobals) = postSolution
		SolutionGuid = {332FB766-FC1A-4368-98F9-526CB893F654}
	EndGlobalSection
EndGlobal
